
Microsoft Visual Studio Solution File, Format Version 12.00
# Visual Studio Version 16
VisualStudioVersion = 16.0.30330.147
MinimumVisualStudioVersion = 10.0.40219.1
Project("{FAE04EC0-301F-11D3-BF4B-00C04F79EFBC}") = "Mynfo.Android", "Mynfo.Android\Mynfo.Android.csproj", "{E45077C5-07EB-444D-A1F9-07850C39C2D2}"
EndProject
Project("{FAE04EC0-301F-11D3-BF4B-00C04F79EFBC}") = "Mynfo.iOS", "Mynfo.iOS\Mynfo.iOS.csproj", "{32CFB537-5590-4D0D-92A5-9755CB4D5409}"
EndProject
Project("{FAE04EC0-301F-11D3-BF4B-00C04F79EFBC}") = "Mynfo", "Mynfo\Mynfo.csproj", "{D95B2374-B9D7-4FB5-983A-6648971886B9}"
EndProject
Global
	GlobalSection(SolutionConfigurationPlatforms) = preSolution
		Debug|Any CPU = Debug|Any CPU
		Debug|iPhone = Debug|iPhone
		Debug|iPhoneSimulator = Debug|iPhoneSimulator
		Release|Any CPU = Release|Any CPU
		Release|iPhone = Release|iPhone
		Release|iPhoneSimulator = Release|iPhoneSimulator
	EndGlobalSection
	GlobalSection(ProjectConfigurationPlatforms) = postSolution
		{E45077C5-07EB-444D-A1F9-07850C39C2D2}.Debug|Any CPU.ActiveCfg = Debug|Any CPU
		{E45077C5-07EB-444D-A1F9-07850C39C2D2}.Debug|Any CPU.Build.0 = Debug|Any CPU
		{E45077C5-07EB-444D-A1F9-07850C39C2D2}.Debug|Any CPU.Deploy.0 = Debug|Any CPU
		{E45077C5-07EB-444D-A1F9-07850C39C2D2}.Debug|iPhone.ActiveCfg = Debug|Any CPU
		{E45077C5-07EB-444D-A1F9-07850C39C2D2}.Debug|iPhone.Build.0 = Debug|Any CPU
		{E45077C5-07EB-444D-A1F9-07850C39C2D2}.Debug|iPhone.Deploy.0 = Debug|Any CPU
		{E45077C5-07EB-444D-A1F9-07850C39C2D2}.Debug|iPhoneSimulator.ActiveCfg = Debug|Any CPU
		{E45077C5-07EB-444D-A1F9-07850C39C2D2}.Debug|iPhoneSimulator.Build.0 = Debug|Any CPU
		{E45077C5-07EB-444D-A1F9-07850C39C2D2}.Debug|iPhoneSimulator.Deploy.0 = Debug|Any CPU
		{E45077C5-07EB-444D-A1F9-07850C39C2D2}.Release|Any CPU.ActiveCfg = Release|Any CPU
		{E45077C5-07EB-444D-A1F9-07850C39C2D2}.Release|Any CPU.Build.0 = Release|Any CPU
		{E45077C5-07EB-444D-A1F9-07850C39C2D2}.Release|Any CPU.Deploy.0 = Release|Any CPU
		{E45077C5-07EB-444D-A1F9-07850C39C2D2}.Release|iPhone.ActiveCfg = Release|Any CPU
		{E45077C5-07EB-444D-A1F9-07850C39C2D2}.Release|iPhone.Build.0 = Release|Any CPU
		{E45077C5-07EB-444D-A1F9-07850C39C2D2}.Release|iPhone.Deploy.0 = Release|Any CPU
		{E45077C5-07EB-444D-A1F9-07850C39C2D2}.Release|iPhoneSimulator.ActiveCfg = Release|Any CPU
		{E45077C5-07EB-444D-A1F9-07850C39C2D2}.Release|iPhoneSimulator.Build.0 = Release|Any CPU
		{E45077C5-07EB-444D-A1F9-07850C39C2D2}.Release|iPhoneSimulator.Deploy.0 = Release|Any CPU
		{32CFB537-5590-4D0D-92A5-9755CB4D5409}.Debug|Any CPU.ActiveCfg = Debug|iPhone
		{32CFB537-5590-4D0D-92A5-9755CB4D5409}.Debug|Any CPU.Build.0 = Debug|iPhone
		{32CFB537-5590-4D0D-92A5-9755CB4D5409}.Debug|Any CPU.Deploy.0 = Debug|iPhone
		{32CFB537-5590-4D0D-92A5-9755CB4D5409}.Debug|iPhone.ActiveCfg = Debug|iPhone
		{32CFB537-5590-4D0D-92A5-9755CB4D5409}.Debug|iPhone.Build.0 = Debug|iPhone
		{32CFB537-5590-4D0D-92A5-9755CB4D5409}.Debug|iPhone.Deploy.0 = Debug|iPhone
		{32CFB537-5590-4D0D-92A5-9755CB4D5409}.Debug|iPhoneSimulator.ActiveCfg = Debug|iPhoneSimulator
		{32CFB537-5590-4D0D-92A5-9755CB4D5409}.Debug|iPhoneSimulator.Build.0 = Debug|iPhoneSimulator
		{32CFB537-5590-4D0D-92A5-9755CB4D5409}.Debug|iPhoneSimulator.Deploy.0 = Debug|iPhoneSimulator
		{32CFB537-5590-4D0D-92A5-9755CB4D5409}.Release|Any CPU.ActiveCfg = Release|iPhone
		{32CFB537-5590-4D0D-92A5-9755CB4D5409}.Release|Any CPU.Build.0 = Release|iPhone
		{32CFB537-5590-4D0D-92A5-9755CB4D5409}.Release|Any CPU.Deploy.0 = Release|iPhone
		{32CFB537-5590-4D0D-92A5-9755CB4D5409}.Release|iPhone.ActiveCfg = Release|iPhone
		{32CFB537-5590-4D0D-92A5-9755CB4D5409}.Release|iPhone.Build.0 = Release|iPhone
		{32CFB537-5590-4D0D-92A5-9755CB4D5409}.Release|iPhone.Deploy.0 = Release|iPhone
		{32CFB537-5590-4D0D-92A5-9755CB4D5409}.Release|iPhoneSimulator.ActiveCfg = Release|iPhoneSimulator
		{32CFB537-5590-4D0D-92A5-9755CB4D5409}.Release|iPhoneSimulator.Build.0 = Release|iPhoneSimulator
		{32CFB537-5590-4D0D-92A5-9755CB4D5409}.Release|iPhoneSimulator.Deploy.0 = Release|iPhoneSimulator
		{D95B2374-B9D7-4FB5-983A-6648971886B9}.Debug|Any CPU.ActiveCfg = Debug|Any CPU
		{D95B2374-B9D7-4FB5-983A-6648971886B9}.Debug|Any CPU.Build.0 = Debug|Any CPU
		{D95B2374-B9D7-4FB5-983A-6648971886B9}.Debug|Any CPU.Deploy.0 = Debug|Any CPU
		{D95B2374-B9D7-4FB5-983A-6648971886B9}.Debug|iPhone.ActiveCfg = Debug|Any CPU
		{D95B2374-B9D7-4FB5-983A-6648971886B9}.Debug|iPhone.Build.0 = Debug|Any CPU
		{D95B2374-B9D7-4FB5-983A-6648971886B9}.Debug|iPhone.Deploy.0 = Debug|Any CPU
		{D95B2374-B9D7-4FB5-983A-6648971886B9}.Debug|iPhoneSimulator.ActiveCfg = Debug|Any CPU
		{D95B2374-B9D7-4FB5-983A-6648971886B9}.Debug|iPhoneSimulator.Build.0 = Debug|Any CPU
		{D95B2374-B9D7-4FB5-983A-6648971886B9}.Debug|iPhoneSimulator.Deploy.0 = Debug|Any CPU
		{D95B2374-B9D7-4FB5-983A-6648971886B9}.Release|Any CPU.ActiveCfg = Release|Any CPU
		{D95B2374-B9D7-4FB5-983A-6648971886B9}.Release|Any CPU.Build.0 = Release|Any CPU
		{D95B2374-B9D7-4FB5-983A-6648971886B9}.Release|Any CPU.Deploy.0 = Release|Any CPU
		{D95B2374-B9D7-4FB5-983A-6648971886B9}.Release|iPhone.ActiveCfg = Release|Any CPU
		{D95B2374-B9D7-4FB5-983A-6648971886B9}.Release|iPhone.Build.0 = Release|Any CPU
		{D95B2374-B9D7-4FB5-983A-6648971886B9}.Release|iPhone.Deploy.0 = Release|Any CPU
		{D95B2374-B9D7-4FB5-983A-6648971886B9}.Release|iPhoneSimulator.ActiveCfg = Release|Any CPU
		{D95B2374-B9D7-4FB5-983A-6648971886B9}.Release|iPhoneSimulator.Build.0 = Release|Any CPU
		{D95B2374-B9D7-4FB5-983A-6648971886B9}.Release|iPhoneSimulator.Deploy.0 = Release|Any CPU
	EndGlobalSection
	GlobalSection(SolutionProperties) = preSolution
		HideSolutionNode = FALSE
	EndGlobalSection
	GlobalSection(ExtensibilityGlobals) = postSolution
		SolutionGuid = {E9EE7716-477B-410C-9981-993291CE2648}
	EndGlobalSection
EndGlobal
